
Microsoft Visual Studio Solution File, Format Version 12.00
# Visual Studio Version 17
VisualStudioVersion = 17.14.36127.28 d17.14
MinimumVisualStudioVersion = 10.0.40219.1
Project("{FAE04EC0-301F-11D3-BF4B-00C04F79EFBC}") = "CQRS_Project", "CQRS_Project\CQRS_Project.csproj", "{F834855F-BA3C-4B7B-A5FF-658C594D0F6B}"
EndProject
Global
	GlobalSection(SolutionConfigurationPlatforms) = preSolution
		Debug|Any CPU = Debug|Any CPU
		Release|Any CPU = Release|Any CPU
	EndGlobalSection
	GlobalSection(ProjectConfigurationPlatforms) = postSolution
		{F834855F-BA3C-4B7B-A5FF-658C594D0F6B}.Debug|Any CPU.ActiveCfg = Debug|Any CPU
		{F834855F-BA3C-4B7B-A5FF-658C594D0F6B}.Debug|Any CPU.Build.0 = Debug|Any CPU
		{F834855F-BA3C-4B7B-A5FF-658C594D0F6B}.Release|Any CPU.ActiveCfg = Release|Any CPU
		{F834855F-BA3C-4B7B-A5FF-658C594D0F6B}.Release|Any CPU.Build.0 = Release|Any CPU
	EndGlobalSection
	GlobalSection(SolutionProperties) = preSolution
		HideSolutionNode = FALSE
	EndGlobalSection
	GlobalSection(ExtensibilityGlobals) = postSolution
		SolutionGuid = {431F3EA2-4DFC-4BA3-A5E8-55C491F740C7}
	EndGlobalSection
EndGlobal
